
Microsoft Visual Studio Solution File, Format Version 12.00
# Visual Studio Version 17
VisualStudioVersion = 17.5.33627.172
MinimumVisualStudioVersion = 10.0.40219.1
Project("{54A90642-561A-4BB1-A94E-469ADEE60C69}") = "bookingform1", "bookingForm1\bookingform1.esproj", "{34361332-ACC9-438F-AB0E-6001FD4C1506}"
EndProject
Global
	GlobalSection(SolutionConfigurationPlatforms) = preSolution
		Debug|Any CPU = Debug|Any CPU
		Release|Any CPU = Release|Any CPU
	EndGlobalSection
	GlobalSection(ProjectConfigurationPlatforms) = postSolution
		{34361332-ACC9-438F-AB0E-6001FD4C1506}.Debug|Any CPU.ActiveCfg = Debug|Any CPU
		{34361332-ACC9-438F-AB0E-6001FD4C1506}.Debug|Any CPU.Build.0 = Debug|Any CPU
		{34361332-ACC9-438F-AB0E-6001FD4C1506}.Debug|Any CPU.Deploy.0 = Debug|Any CPU
		{34361332-ACC9-438F-AB0E-6001FD4C1506}.Release|Any CPU.ActiveCfg = Release|Any CPU
		{34361332-ACC9-438F-AB0E-6001FD4C1506}.Release|Any CPU.Build.0 = Release|Any CPU
		{34361332-ACC9-438F-AB0E-6001FD4C1506}.Release|Any CPU.Deploy.0 = Release|Any CPU
	EndGlobalSection
	GlobalSection(SolutionProperties) = preSolution
		HideSolutionNode = FALSE
	EndGlobalSection
	GlobalSection(ExtensibilityGlobals) = postSolution
		SolutionGuid = {85B87BF7-57F7-4F3E-BCC8-52C3CFF9CFE8}
	EndGlobalSection
EndGlobal
